
Microsoft Visual Studio Solution File, Format Version 12.00
# Visual Studio Version 17
VisualStudioVersion = 17.0.31903.59
MinimumVisualStudioVersion = 10.0.40219.1
Project("{FAE04EC0-301F-11D3-BF4B-00C04F79EFBC}") = "EmailApi", "EmailApi\EmailApi.csproj", "{A3A06F08-E008-4EC8-98B3-E30DA2CA80A4}"
EndProject
Project("{FAE04EC0-301F-11D3-BF4B-00C04F79EFBC}") = "EmailDemoConsole", "EmailDemoConsole\EmailDemoConsole.csproj", "{7922E58F-F817-4C0E-9BAE-C37915149E40}"
EndProject
Project("{FAE04EC0-301F-11D3-BF4B-00C04F79EFBC}") = "EmailSender", "EmailSender\EmailSender.csproj", "{A19496A7-7EB3-438F-83BF-AF89E4F59F00}"
EndProject
Global
	GlobalSection(SolutionConfigurationPlatforms) = preSolution
		Debug|Any CPU = Debug|Any CPU
		Release|Any CPU = Release|Any CPU
	EndGlobalSection
	GlobalSection(SolutionProperties) = preSolution
		HideSolutionNode = FALSE
	EndGlobalSection
	GlobalSection(ProjectConfigurationPlatforms) = postSolution
		{A3A06F08-E008-4EC8-98B3-E30DA2CA80A4}.Debug|Any CPU.ActiveCfg = Debug|Any CPU
		{A3A06F08-E008-4EC8-98B3-E30DA2CA80A4}.Debug|Any CPU.Build.0 = Debug|Any CPU
		{A3A06F08-E008-4EC8-98B3-E30DA2CA80A4}.Release|Any CPU.ActiveCfg = Release|Any CPU
		{A3A06F08-E008-4EC8-98B3-E30DA2CA80A4}.Release|Any CPU.Build.0 = Release|Any CPU
		{7922E58F-F817-4C0E-9BAE-C37915149E40}.Debug|Any CPU.ActiveCfg = Debug|Any CPU
		{7922E58F-F817-4C0E-9BAE-C37915149E40}.Debug|Any CPU.Build.0 = Debug|Any CPU
		{7922E58F-F817-4C0E-9BAE-C37915149E40}.Release|Any CPU.ActiveCfg = Release|Any CPU
		{7922E58F-F817-4C0E-9BAE-C37915149E40}.Release|Any CPU.Build.0 = Release|Any CPU
		{A19496A7-7EB3-438F-83BF-AF89E4F59F00}.Debug|Any CPU.ActiveCfg = Debug|Any CPU
		{A19496A7-7EB3-438F-83BF-AF89E4F59F00}.Debug|Any CPU.Build.0 = Debug|Any CPU
		{A19496A7-7EB3-438F-83BF-AF89E4F59F00}.Release|Any CPU.ActiveCfg = Release|Any CPU
		{A19496A7-7EB3-438F-83BF-AF89E4F59F00}.Release|Any CPU.Build.0 = Release|Any CPU
	EndGlobalSection
EndGlobal
